
Microsoft Visual Studio Solution File, Format Version 12.00
# Visual Studio Version 17
VisualStudioVersion = 17.10.35122.118
MinimumVisualStudioVersion = 10.0.40219.1
Project("{9A19103F-16F7-4668-BE54-9A1E7A4F7556}") = "Zurich_API", "Zurich_API\Zurich_API.csproj", "{E52EEF7F-010D-47F9-BDF0-E9CFBA190040}"
EndProject
Project("{9A19103F-16F7-4668-BE54-9A1E7A4F7556}") = "Application", "Application\Application.csproj", "{DAD1AF61-637F-49C6-A640-F9DAFC2CC4C6}"
EndProject
Project("{9A19103F-16F7-4668-BE54-9A1E7A4F7556}") = "Domain", "Domain\Domain.csproj", "{AA05F53F-776F-4A92-A1A4-4D08900D6A54}"
EndProject
Project("{9A19103F-16F7-4668-BE54-9A1E7A4F7556}") = "Infrastructure", "Infrastructure\Infrastructure.csproj", "{437792E5-BCFD-4016-B10C-32CF5F6AB1EE}"
EndProject
Project("{9A19103F-16F7-4668-BE54-9A1E7A4F7556}") = "ZurichUnitTest.Tests", "ZurichUnitTest.Tests\ZurichUnitTest.Tests.csproj", "{DD2FDE9B-1382-4D5B-8F79-8F41AF36AA09}"
	ProjectSection(ProjectDependencies) = postProject
		{AA05F53F-776F-4A92-A1A4-4D08900D6A54} = {AA05F53F-776F-4A92-A1A4-4D08900D6A54}
		{DAD1AF61-637F-49C6-A640-F9DAFC2CC4C6} = {DAD1AF61-637F-49C6-A640-F9DAFC2CC4C6}
	EndProjectSection
EndProject
Global
	GlobalSection(SolutionConfigurationPlatforms) = preSolution
		Debug|Any CPU = Debug|Any CPU
		Release|Any CPU = Release|Any CPU
	EndGlobalSection
	GlobalSection(ProjectConfigurationPlatforms) = postSolution
		{E52EEF7F-010D-47F9-BDF0-E9CFBA190040}.Debug|Any CPU.ActiveCfg = Debug|Any CPU
		{E52EEF7F-010D-47F9-BDF0-E9CFBA190040}.Debug|Any CPU.Build.0 = Debug|Any CPU
		{E52EEF7F-010D-47F9-BDF0-E9CFBA190040}.Release|Any CPU.ActiveCfg = Release|Any CPU
		{E52EEF7F-010D-47F9-BDF0-E9CFBA190040}.Release|Any CPU.Build.0 = Release|Any CPU
		{DAD1AF61-637F-49C6-A640-F9DAFC2CC4C6}.Debug|Any CPU.ActiveCfg = Debug|Any CPU
		{DAD1AF61-637F-49C6-A640-F9DAFC2CC4C6}.Debug|Any CPU.Build.0 = Debug|Any CPU
		{DAD1AF61-637F-49C6-A640-F9DAFC2CC4C6}.Release|Any CPU.ActiveCfg = Release|Any CPU
		{DAD1AF61-637F-49C6-A640-F9DAFC2CC4C6}.Release|Any CPU.Build.0 = Release|Any CPU
		{AA05F53F-776F-4A92-A1A4-4D08900D6A54}.Debug|Any CPU.ActiveCfg = Debug|Any CPU
		{AA05F53F-776F-4A92-A1A4-4D08900D6A54}.Debug|Any CPU.Build.0 = Debug|Any CPU
		{AA05F53F-776F-4A92-A1A4-4D08900D6A54}.Release|Any CPU.ActiveCfg = Release|Any CPU
		{AA05F53F-776F-4A92-A1A4-4D08900D6A54}.Release|Any CPU.Build.0 = Release|Any CPU
		{437792E5-BCFD-4016-B10C-32CF5F6AB1EE}.Debug|Any CPU.ActiveCfg = Debug|Any CPU
		{437792E5-BCFD-4016-B10C-32CF5F6AB1EE}.Debug|Any CPU.Build.0 = Debug|Any CPU
		{437792E5-BCFD-4016-B10C-32CF5F6AB1EE}.Release|Any CPU.ActiveCfg = Release|Any CPU
		{437792E5-BCFD-4016-B10C-32CF5F6AB1EE}.Release|Any CPU.Build.0 = Release|Any CPU
		{DD2FDE9B-1382-4D5B-8F79-8F41AF36AA09}.Debug|Any CPU.ActiveCfg = Debug|Any CPU
		{DD2FDE9B-1382-4D5B-8F79-8F41AF36AA09}.Debug|Any CPU.Build.0 = Debug|Any CPU
		{DD2FDE9B-1382-4D5B-8F79-8F41AF36AA09}.Release|Any CPU.ActiveCfg = Release|Any CPU
		{DD2FDE9B-1382-4D5B-8F79-8F41AF36AA09}.Release|Any CPU.Build.0 = Release|Any CPU
	EndGlobalSection
	GlobalSection(SolutionProperties) = preSolution
		HideSolutionNode = FALSE
	EndGlobalSection
	GlobalSection(ExtensibilityGlobals) = postSolution
		SolutionGuid = {2875A20B-6815-41E5-9487-AF6701BB015C}
	EndGlobalSection
EndGlobal
